
Microsoft Visual Studio Solution File, Format Version 12.00
# Visual Studio Version 16
VisualStudioVersion = 16.0.32002.261
MinimumVisualStudioVersion = 10.0.40219.1
Project("{FAE04EC0-301F-11D3-BF4B-00C04F79EFBC}") = "account_event_sourcing", "account_event_sourcing\account_event_sourcing.csproj", "{4FD7A8CD-90FA-49F5-9D0E-4315DA0491F7}"
EndProject
Global
	GlobalSection(SolutionConfigurationPlatforms) = preSolution
		Debug|Any CPU = Debug|Any CPU
		Release|Any CPU = Release|Any CPU
	EndGlobalSection
	GlobalSection(ProjectConfigurationPlatforms) = postSolution
		{4FD7A8CD-90FA-49F5-9D0E-4315DA0491F7}.Debug|Any CPU.ActiveCfg = Debug|Any CPU
		{4FD7A8CD-90FA-49F5-9D0E-4315DA0491F7}.Debug|Any CPU.Build.0 = Debug|Any CPU
		{4FD7A8CD-90FA-49F5-9D0E-4315DA0491F7}.Release|Any CPU.ActiveCfg = Release|Any CPU
		{4FD7A8CD-90FA-49F5-9D0E-4315DA0491F7}.Release|Any CPU.Build.0 = Release|Any CPU
	EndGlobalSection
	GlobalSection(SolutionProperties) = preSolution
		HideSolutionNode = FALSE
	EndGlobalSection
	GlobalSection(ExtensibilityGlobals) = postSolution
		SolutionGuid = {0C1984C6-2327-42CF-AED8-D35327370F01}
	EndGlobalSection
EndGlobal
